
Microsoft Visual Studio Solution File, Format Version 12.00
# Visual Studio 14
VisualStudioVersion = 14.0.25420.1
MinimumVisualStudioVersion = 10.0.40219.1
Project("{FAE04EC0-301F-11D3-BF4B-00C04F79EFBC}") = "CalculatorService.Client", "CalculatorService.Client\CalculatorService.Client.csproj", "{7D508EC0-D07D-4CAD-B375-FCCAE145F3EC}"
EndProject
Project("{FAE04EC0-301F-11D3-BF4B-00C04F79EFBC}") = "CalculatorService.Server", "CalculatorService.Server\CalculatorService.Server.csproj", "{EA445635-6334-4DA3-A449-7658B52A09A4}"
EndProject
Project("{FAE04EC0-301F-11D3-BF4B-00C04F79EFBC}") = "CalculatorService.Server.Tests", "CalculatorService.Server.Tests\CalculatorService.Server.Tests.csproj", "{4D751F98-617B-4EB4-A8B9-B6E096DC2D99}"
EndProject
Global
	GlobalSection(SolutionConfigurationPlatforms) = preSolution
		Debug|Any CPU = Debug|Any CPU
		Release|Any CPU = Release|Any CPU
	EndGlobalSection
	GlobalSection(ProjectConfigurationPlatforms) = postSolution
		{7D508EC0-D07D-4CAD-B375-FCCAE145F3EC}.Debug|Any CPU.ActiveCfg = Debug|Any CPU
		{7D508EC0-D07D-4CAD-B375-FCCAE145F3EC}.Debug|Any CPU.Build.0 = Debug|Any CPU
		{7D508EC0-D07D-4CAD-B375-FCCAE145F3EC}.Release|Any CPU.ActiveCfg = Release|Any CPU
		{7D508EC0-D07D-4CAD-B375-FCCAE145F3EC}.Release|Any CPU.Build.0 = Release|Any CPU
		{EA445635-6334-4DA3-A449-7658B52A09A4}.Debug|Any CPU.ActiveCfg = Debug|Any CPU
		{EA445635-6334-4DA3-A449-7658B52A09A4}.Debug|Any CPU.Build.0 = Debug|Any CPU
		{EA445635-6334-4DA3-A449-7658B52A09A4}.Release|Any CPU.ActiveCfg = Release|Any CPU
		{EA445635-6334-4DA3-A449-7658B52A09A4}.Release|Any CPU.Build.0 = Release|Any CPU
		{4D751F98-617B-4EB4-A8B9-B6E096DC2D99}.Debug|Any CPU.ActiveCfg = Debug|Any CPU
		{4D751F98-617B-4EB4-A8B9-B6E096DC2D99}.Debug|Any CPU.Build.0 = Debug|Any CPU
		{4D751F98-617B-4EB4-A8B9-B6E096DC2D99}.Release|Any CPU.ActiveCfg = Release|Any CPU
		{4D751F98-617B-4EB4-A8B9-B6E096DC2D99}.Release|Any CPU.Build.0 = Release|Any CPU
	EndGlobalSection
	GlobalSection(SolutionProperties) = preSolution
		HideSolutionNode = FALSE
	EndGlobalSection
EndGlobal
